# This file is autogenerated, do not edit; changes may be undone by the next 'dep ensure'.


[[projects]]
  name = "github.com/Azure/go-autorest"
  packages = [
    "autorest",
    "autorest/adal",
    "autorest/azure",
    "autorest/date",
    "autorest/to",
    "autorest/validation"
  ]
  revision = "fc3b03a2d2d1f43fad3007038bd16f044f870722"
  version = "v9.10.0"

[[projects]]
  name = "github.com/azure/azure-sdk-for-go"
  packages = ["services/servicebus/mgmt/2017-04-01/servicebus"]
  revision = "21b68149ccf7c16b3f028bb4c7fd0ab458fe308f"
  version = "v12.5.0-beta"

[[projects]]
  name = "github.com/dgrijalva/jwt-go"
  packages = ["."]
  revision = "06ea1031745cb8b3dab3f6a236daf2b0aa468b7e"
  version = "v3.2.0"

[[projects]]
  name = "github.com/pkg/errors"
  packages = ["."]
  revision = "645ef00459ed84a119197bfb8d8205042c6df63d"
  version = "v0.8.0"

[[projects]]
  name = "pack.ag/amqp"
  packages = [
    ".",
    "internal/testconn"
  ]
  revision = "a0dd226acfbfe50b70ce3380963ed2018ddc68ad"
  version = "v0.4.0"

[solve-meta]
  analyzer-name = "dep"
  analyzer-version = 1
  inputs-digest = "4502706a89e1a89db91b395bfaf5ed6d408d0c0e9acd2554b7d8d687b22ac978"
  solver-name = "gps-cdcl"
  solver-version = 1
