# This file is autogenerated, do not edit; changes may be undone by the next 'dep ensure'.


[[projects]]
  name = "github.com/Azure/Azure-sdk-for-go"
  packages = ["services/servicebus/mgmt/2017-04-01/servicebus"]
  revision = "21b68149ccf7c16b3f028bb4c7fd0ab458fe308f"
  version = "v12.5.0-beta"

[[projects]]
  name = "github.com/Azure/go-autorest"
  packages = [
    "autorest",
    "autorest/adal",
    "autorest/azure",
    "autorest/date",
    "autorest/to",
    "autorest/validation"
  ]
  revision = "fc3b03a2d2d1f43fad3007038bd16f044f870722"
  version = "v9.10.0"

[[projects]]
  name = "github.com/containous/flaeg"
  packages = [
    ".",
    "parse"
  ]
  revision = "b4c2f060875361c070ed2bc300c5929b82f5fa2e"
  version = "v1.1.2"

[[projects]]
  name = "github.com/dgrijalva/jwt-go"
  packages = ["."]
  revision = "06ea1031745cb8b3dab3f6a236daf2b0aa468b7e"
  version = "v3.2.0"

[[projects]]
  branch = "master"
  name = "github.com/ogier/pflag"
  packages = ["."]
  revision = "45c278ab3607870051a2ea9040bb85fcb8557481"

[[projects]]
  name = "github.com/sirupsen/logrus"
  packages = ["."]
  revision = "c155da19408a8799da419ed3eeb0cb5db0ad5dbc"
  version = "v1.0.5"

[[projects]]
  branch = "master"
  name = "golang.org/x/crypto"
  packages = ["ssh/terminal"]
  revision = "c3a3ad6d03f7a915c0f7e194b7152974bb73d287"

[[projects]]
  branch = "master"
  name = "golang.org/x/sys"
  packages = [
    "unix",
    "windows"
  ]
  revision = "7ceb54c8418b8f9cdf0177b511d5cbb06e9fae39"

[solve-meta]
  analyzer-name = "dep"
  analyzer-version = 1
  inputs-digest = "66de1d7330ae90216227fa3cb4f676e601398fe2795933af6a1d55b2e573f9e1"
  solver-name = "gps-cdcl"
  solver-version = 1
