# This file is autogenerated, do not edit; changes may be undone by the next 'dep ensure'.


[[projects]]
  name = "github.com/Azure/Azure-sdk-for-go"
  packages = ["services/servicebus/mgmt/2017-04-01/servicebus"]
  revision = "21b68149ccf7c16b3f028bb4c7fd0ab458fe308f"
  version = "v12.5.0-beta"

[[projects]]
  name = "github.com/Azure/go-autorest"
  packages = [
    "autorest",
    "autorest/adal",
    "autorest/azure",
    "autorest/date",
    "autorest/to",
    "autorest/validation"
  ]
  revision = "fc3b03a2d2d1f43fad3007038bd16f044f870722"
  version = "v9.10.0"

[[projects]]
  name = "github.com/containous/flaeg"
  packages = [
    ".",
    "parse"
  ]
  revision = "b4c2f060875361c070ed2bc300c5929b82f5fa2e"
  version = "v1.1.2"

[[projects]]
  name = "github.com/dgrijalva/jwt-go"
  packages = ["."]
  revision = "06ea1031745cb8b3dab3f6a236daf2b0aa468b7e"
  version = "v3.2.0"

[[projects]]
  branch = "master"
  name = "github.com/ogier/pflag"
  packages = ["."]
  revision = "45c278ab3607870051a2ea9040bb85fcb8557481"

[solve-meta]
  analyzer-name = "dep"
  analyzer-version = 1
  inputs-digest = "85ed3315365132900b4a07893f2035ba93d1544ade605c565df5aef12d2f3ad8"
  solver-name = "gps-cdcl"
  solver-version = 1
